Microsoft Visual Studio Solution File, Format Version 12.00
# Visual Studio Version 17
VisualStudioVersion = 17.5.2.0
MinimumVisualStudioVersion = 10.0.40219.1
Project("{FAE04EC0-301F-11D3-BF4B-00C04F79EFBC}") = "Fuelled.ClientTracker.Api-New", "Fuelled.ClientTracker.Api-New.csproj", "{32BC1A69-5B47-155D-5398-0D2255EFD946}"
EndProject
Global
	GlobalSection(SolutionConfigurationPlatforms) = preSolution
		Debug|Any CPU = Debug|Any CPU
		Release|Any CPU = Release|Any CPU
	EndGlobalSection
	GlobalSection(ProjectConfigurationPlatforms) = postSolution
		{32BC1A69-5B47-155D-5398-0D2255EFD946}.Debug|Any CPU.ActiveCfg = Debug|Any CPU
		{32BC1A69-5B47-155D-5398-0D2255EFD946}.Debug|Any CPU.Build.0 = Debug|Any CPU
		{32BC1A69-5B47-155D-5398-0D2255EFD946}.Release|Any CPU.ActiveCfg = Release|Any CPU
		{32BC1A69-5B47-155D-5398-0D2255EFD946}.Release|Any CPU.Build.0 = Release|Any CPU
	EndGlobalSection
	GlobalSection(SolutionProperties) = preSolution
		HideSolutionNode = FALSE
	EndGlobalSection
	GlobalSection(ExtensibilityGlobals) = postSolution
		SolutionGuid = {F3FF067C-6940-4043-879A-BD665C4372B9}
	EndGlobalSection
EndGlobal
